
Microsoft Visual Studio Solution File, Format Version 12.00
# Visual Studio Version 16
VisualStudioVersion = 16.0.30503.244
MinimumVisualStudioVersion = 10.0.40219.1
Project("{8BC9CEB8-8B4A-11D0-8D11-00A0C91BC942}") = "Zad1", "Zad1\Zad1.vcxproj", "{D5DD9FBF-22BE-44DC-B07A-34E897EEBDFE}"
EndProject
Project("{8BC9CEB8-8B4A-11D0-8D11-00A0C91BC942}") = "Zad2", "Zad2\Zad2.vcxproj", "{41F51D77-7FAE-49FC-915A-78980F5E0666}"
EndProject
Project("{8BC9CEB8-8B4A-11D0-8D11-00A0C91BC942}") = "zad3", "zad3\zad3.vcxproj", "{538EAC85-57DD-4AA0-AE79-C782BD263B38}"
EndProject
Project("{8BC9CEB8-8B4A-11D0-8D11-00A0C91BC942}") = "zad4", "zad4\zad4.vcxproj", "{17201B04-E26D-4F2B-B8B6-A0F0162D9E2D}"
EndProject
Global
	GlobalSection(SolutionConfigurationPlatforms) = preSolution
		Debug|x64 = Debug|x64
		Debug|x86 = Debug|x86
		Release|x64 = Release|x64
		Release|x86 = Release|x86
	EndGlobalSection
	GlobalSection(ProjectConfigurationPlatforms) = postSolution
		{D5DD9FBF-22BE-44DC-B07A-34E897EEBDFE}.Debug|x64.ActiveCfg = Debug|x64
		{D5DD9FBF-22BE-44DC-B07A-34E897EEBDFE}.Debug|x64.Build.0 = Debug|x64
		{D5DD9FBF-22BE-44DC-B07A-34E897EEBDFE}.Debug|x86.ActiveCfg = Debug|Win32
		{D5DD9FBF-22BE-44DC-B07A-34E897EEBDFE}.Debug|x86.Build.0 = Debug|Win32
		{D5DD9FBF-22BE-44DC-B07A-34E897EEBDFE}.Release|x64.ActiveCfg = Release|x64
		{D5DD9FBF-22BE-44DC-B07A-34E897EEBDFE}.Release|x64.Build.0 = Release|x64
		{D5DD9FBF-22BE-44DC-B07A-34E897EEBDFE}.Release|x86.ActiveCfg = Release|Win32
		{D5DD9FBF-22BE-44DC-B07A-34E897EEBDFE}.Release|x86.Build.0 = Release|Win32
		{41F51D77-7FAE-49FC-915A-78980F5E0666}.Debug|x64.ActiveCfg = Debug|x64
		{41F51D77-7FAE-49FC-915A-78980F5E0666}.Debug|x64.Build.0 = Debug|x64
		{41F51D77-7FAE-49FC-915A-78980F5E0666}.Debug|x86.ActiveCfg = Debug|Win32
		{41F51D77-7FAE-49FC-915A-78980F5E0666}.Debug|x86.Build.0 = Debug|Win32
		{41F51D77-7FAE-49FC-915A-78980F5E0666}.Release|x64.ActiveCfg = Release|x64
		{41F51D77-7FAE-49FC-915A-78980F5E0666}.Release|x64.Build.0 = Release|x64
		{41F51D77-7FAE-49FC-915A-78980F5E0666}.Release|x86.ActiveCfg = Release|Win32
		{41F51D77-7FAE-49FC-915A-78980F5E0666}.Release|x86.Build.0 = Release|Win32
		{538EAC85-57DD-4AA0-AE79-C782BD263B38}.Debug|x64.ActiveCfg = Debug|x64
		{538EAC85-57DD-4AA0-AE79-C782BD263B38}.Debug|x64.Build.0 = Debug|x64
		{538EAC85-57DD-4AA0-AE79-C782BD263B38}.Debug|x86.ActiveCfg = Debug|Win32
		{538EAC85-57DD-4AA0-AE79-C782BD263B38}.Debug|x86.Build.0 = Debug|Win32
		{538EAC85-57DD-4AA0-AE79-C782BD263B38}.Release|x64.ActiveCfg = Release|x64
		{538EAC85-57DD-4AA0-AE79-C782BD263B38}.Release|x64.Build.0 = Release|x64
		{538EAC85-57DD-4AA0-AE79-C782BD263B38}.Release|x86.ActiveCfg = Release|Win32
		{538EAC85-57DD-4AA0-AE79-C782BD263B38}.Release|x86.Build.0 = Release|Win32
		{17201B04-E26D-4F2B-B8B6-A0F0162D9E2D}.Debug|x64.ActiveCfg = Debug|x64
		{17201B04-E26D-4F2B-B8B6-A0F0162D9E2D}.Debug|x64.Build.0 = Debug|x64
		{17201B04-E26D-4F2B-B8B6-A0F0162D9E2D}.Debug|x86.ActiveCfg = Debug|Win32
		{17201B04-E26D-4F2B-B8B6-A0F0162D9E2D}.Debug|x86.Build.0 = Debug|Win32
		{17201B04-E26D-4F2B-B8B6-A0F0162D9E2D}.Release|x64.ActiveCfg = Release|x64
		{17201B04-E26D-4F2B-B8B6-A0F0162D9E2D}.Release|x64.Build.0 = Release|x64
		{17201B04-E26D-4F2B-B8B6-A0F0162D9E2D}.Release|x86.ActiveCfg = Release|Win32
		{17201B04-E26D-4F2B-B8B6-A0F0162D9E2D}.Release|x86.Build.0 = Release|Win32
	EndGlobalSection
	GlobalSection(SolutionProperties) = preSolution
		HideSolutionNode = FALSE
	EndGlobalSection
	GlobalSection(ExtensibilityGlobals) = postSolution
		SolutionGuid = {5420D432-8D98-46FC-9451-07999A4705D4}
	EndGlobalSection
EndGlobal
